github.com/yanlingrpa/wxapp-pc-toolkits v0.0.2 h1:L5wo/izFrrEhcAB7z4xS5CCHl3OkdGuGgO0meU6Wpgg=
github.com/yanlingrpa/wxapp-pc-toolkits v0.0.2/go.mod h1:1Vci0JxZdhbFTTPUZwj6cX+eC65jET+EWLlCZGBCfUo=
yanlingrpa.com/yanling/protocol v0.1.16 h1:ihTBLTnsQPz6qP6SUAcNK9veVNQ+9R5Io8I4vj/WBiY=
yanlingrpa.com/yanling/protocol v0.1.16/go.mod h1:tuXhcSLTv/x2TmFWDg83+IVo51qDKpnen1VeJFyYjjE=
